
Microsoft Visual Studio Solution File, Format Version 12.00
# Visual Studio Version 16
VisualStudioVersion = 16.0.30503.244
MinimumVisualStudioVersion = 10.0.40219.1
Project("{FAE04EC0-301F-11D3-BF4B-00C04F79EFBC}") = "Task_3", "Task_3.csproj", "{975C3993-8001-4CBA-B7B0-81CFFB5F46DB}"
EndProject
Global
	GlobalSection(SolutionConfigurationPlatforms) = preSolution
		Debug|Any CPU = Debug|Any CPU
		Release|Any CPU = Release|Any CPU
	EndGlobalSection
	GlobalSection(ProjectConfigurationPlatforms) = postSolution
		{975C3993-8001-4CBA-B7B0-81CFFB5F46DB}.Debug|Any CPU.ActiveCfg = Debug|Any CPU
		{975C3993-8001-4CBA-B7B0-81CFFB5F46DB}.Debug|Any CPU.Build.0 = Debug|Any CPU
		{975C3993-8001-4CBA-B7B0-81CFFB5F46DB}.Release|Any CPU.ActiveCfg = Release|Any CPU
		{975C3993-8001-4CBA-B7B0-81CFFB5F46DB}.Release|Any CPU.Build.0 = Release|Any CPU
	EndGlobalSection
	GlobalSection(SolutionProperties) = preSolution
		HideSolutionNode = FALSE
	EndGlobalSection
	GlobalSection(ExtensibilityGlobals) = postSolution
		SolutionGuid = {1397537A-E355-42DC-B80E-D47893E5FA7D}
	EndGlobalSection
EndGlobal
